// !$*UTF8*$!
{
	archiveVersion = 1;
	classes = {
	};
	objectVersion = 46;
	objects = {

/* Begin PBXBuildFile section */
		D38737891AC9D6B3002707DF /* main.m in Sources */ = {isa = PBXBuildFile; fileRef = D38737881AC9D6B3002707DF /* main.m */; };
		D387378C1AC9D6B3002707DF /* AppDelegate.m in Sources */ = {isa = PBXBuildFile; fileRef = D387378B1AC9D6B3002707DF /* AppDelegate.m */; };
		D387378F1AC9D6B3002707DF /* ViewController.m in Sources */ = {isa = PBXBuildFile; fileRef = D387378E1AC9D6B3002707DF /* ViewController.m */; };
		D38737921AC9D6B3002707DF /* Main.storyboard in Resources */ = {isa = PBXBuildFile; fileRef = D38737901AC9D6B3002707DF /* Main.storyboard */; };
		D38737941AC9D6B3002707DF /* Images.xcassets in Resources */ = {isa = PBXBuildFile; fileRef = D38737931AC9D6B3002707DF /* Images.xcassets */; };
		D38737971AC9D6B3002707DF /* LaunchScreen.xib in Resources */ = {isa = PBXBuildFile; fileRef = D38737951AC9D6B3002707DF /* LaunchScreen.xib */; };
		D38737A31AC9D6B3002707DF /* PongCopyoffMattHeaneyTests.m in Sources */ = {isa = PBXBuildFile; fileRef = D38737A21AC9D6B3002707DF /* PongCopyoffMattHeaneyTests.m */; };
/* End PBXBuildFile section */

/* Begin PBXContainerItemProxy section */
		D387379D1AC9D6B3002707DF /* PBXContainerItemProxy */ = {
			isa = PBXContainerItemProxy;
			containerPortal = D387377B1AC9D6B3002707DF /* Project object */;
			proxyType = 1;
			remoteGlobalIDString = D38737821AC9D6B3002707DF;
			remoteInfo = PongCopyoffMattHeaney;
		};
/* End PBXContainerItemProxy section */

/* Begin PBXFileReference section */
		D38737831AC9D6B3002707DF /* PongCopyoffMattHeaney.app */ = {isa = PBXFileReference; explicitFileType = wrapper.application; includeInIndex = 0; path = PongCopyoffMattHeaney.app; sourceTree = BUILT_PRODUCTS_DIR; };
		D38737871AC9D6B3002707DF /* Info.plist */ = {isa = PBXFileReference; lastKnownFileType = text.plist.xml; path = Info.plist; sourceTree = "<group>"; };
		D38737881AC9D6B3002707DF /* main.m */ = {isa = PBXFileReference; lastKnownFileType = sourcecode.c.objc; path = main.m; sourceTree = "<group>"; };
		D387378A1AC9D6B3002707DF /* AppDelegate.h */ = {isa = PBXFileReference; lastKnownFileType = sourcecode.c.h; path = AppDelegate.h; sourceTree = "<group>"; };
		D387378B1AC9D6B3002707DF /* AppDelegate.m */ = {isa = PBXFileReference; lastKnownFileType = sourcecode.c.objc; path = AppDelegate.m; sourceTree = "<group>"; };
		D387378D1AC9D6B3002707DF /* ViewController.h */ = {isa = PBXFileReference; lastKnownFileType = sourcecode.c.h; path = ViewController.h; sourceTree = "<group>"; };
		D387378E1AC9D6B3002707DF /* ViewController.m */ = {isa = PBXFileReference; lastKnownFileType = sourcecode.c.objc; path = ViewController.m; sourceTree = "<group>"; };
		D38737911AC9D6B3002707DF /* Base */ = {isa = PBXFileReference; lastKnownFileType = file.storyboard; name = Base; path = Base.lproj/Main.storyboard; sourceTree = "<group>"; };
		D38737931AC9D6B3002707DF /* Images.xcassets */ = {isa = PBXFileReference; lastKnownFileType = folder.assetcatalog; path = Images.xcassets; sourceTree = "<group>"; };
		D38737961AC9D6B3002707DF /* Base */ = {isa = PBXFileReference; lastKnownFileType = file.xib; name = Base; path = Base.lproj/LaunchScreen.xib; sourceTree = "<group>"; };
		D387379C1AC9D6B3002707DF /* PongCopyoffMattHeaneyTests.xctest */ = {isa = PBXFileReference; explicitFileType = wrapper.cfbundle; includeInIndex = 0; path = PongCopyoffMattHeaneyTests.xctest; sourceTree = BUILT_PRODUCTS_DIR; };
		D38737A11AC9D6B3002707DF /* Info.plist */ = {isa = PBXFileReference; lastKnownFileType = text.plist.xml; path = Info.plist; sourceTree = "<group>"; };
		D38737A21AC9D6B3002707DF /* PongCopyoffMattHeaneyTests.m */ = {isa = PBXFileReference; lastKnownFileType = sourcecode.c.objc; path = PongCopyoffMattHeaneyTests.m; sourceTree = "<group>"; };
/* End PBXFileReference section */

/* Begin PBXFrameworksBuildPhase section */
		D38737801AC9D6B3002707DF /* Frameworks */ = {
			isa = PBXFrameworksBuildPhase;
			buildActionMask = 2147483647;
			files = (
			);
			runOnlyForDeploymentPostprocessing = 0;
		};
		D38737991AC9D6B3002707DF /* Frameworks */ = {
			isa = PBXFrameworksBuildPhase;
			buildActionMask = 2147483647;
			files = (
			);
			runOnlyForDeploymentPostprocessing = 0;
		};
/* End PBXFrameworksBuildPhase section */

/* Begin PBXGroup section */
		D387377A1AC9D6B3002707DF = {
			isa = PBXGroup;
			children = (
				D38737851AC9D6B3002707DF /* PongCopyoffMattHeaney */,
				D387379F1AC9D6B3002707DF /* PongCopyoffMattHeaneyTests */,
				D38737841AC9D6B3002707DF /* Products */,
			);
			sourceTree = "<group>";
		};
		D38737841AC9D6B3002707DF /* Products */ = {
			isa = PBXGroup;
			children = (
				D38737831AC9D6B3002707DF /* PongCopyoffMattHeaney.app */,
				D387379C1AC9D6B3002707DF /* PongCopyoffMattHeaneyTests.xctest */,
			);
			name = Products;
			sourceTree = "<group>";
		};
		D38737851AC9D6B3002707DF /* PongCopyoffMattHeaney */ = {
			isa = PBXGroup;
			children = (
				D387378A1AC9D6B3002707DF /* AppDelegate.h */,
				D387378B1AC9D6B3002707DF /* AppDelegate.m */,
				D387378D1AC9D6B3002707DF /* ViewController.h */,
				D387378E1AC9D6B3002707DF /* ViewController.m */,
				D38737901AC9D6B3002707DF /* Main.storyboard */,
				D38737931AC9D6B3002707DF /* Images.xcassets */,
				D38737951AC9D6B3002707DF /* LaunchScreen.xib */,
				D38737861AC9D6B3002707DF /* Supporting Files */,
			);
			path = PongCopyoffMattHeaney;
			sourceTree = "<group>";
		};
		D38737861AC9D6B3002707DF /* Supporting Files */ = {
			isa = PBXGroup;
			children = (
				D38737871AC9D6B3002707DF /* Info.plist */,
				D38737881AC9D6B3002707DF /* main.m */,
			);
			name = "Supporting Files";
			sourceTree = "<group>";
		};
		D387379F1AC9D6B3002707DF /* PongCopyoffMattHeaneyTests */ = {
			isa = PBXGroup;
			children = (
				D38737A21AC9D6B3002707DF /* PongCopyoffMattHeaneyTests.m */,
				D38737A01AC9D6B3002707DF /* Supporting Files */,
			);
			path = PongCopyoffMattHeaneyTests;
			sourceTree = "<group>";
		};
		D38737A01AC9D6B3002707DF /* Supporting Files */ = {
			isa = PBXGroup;
			children = (
				D38737A11AC9D6B3002707DF /* Info.plist */,
			);
			name = "Supporting Files";
			sourceTree = "<group>";
		};
/* End PBXGroup section */

/* Begin PBXNativeTarget section */
		D38737821AC9D6B3002707DF /* PongCopyoffMattHeaney */ = {
			isa = PBXNativeTarget;
			buildConfigurationList = D38737A61AC9D6B3002707DF /* Build configuration list for PBXNativeTarget "PongCopyoffMattHeaney" */;
			buildPhases = (
				D387377F1AC9D6B3002707DF /* Sources */,
				D38737801AC9D6B3002707DF /* Frameworks */,
				D38737811AC9D6B3002707DF /* Resources */,
			);
			buildRules = (
			);
			dependencies = (
			);
			name = PongCopyoffMattHeaney;
			productName = PongCopyoffMattHeaney;
			productReference = D38737831AC9D6B3002707DF /* PongCopyoffMattHeaney.app */;
			productType = "com.apple.product-type.application";
		};
		D387379B1AC9D6B3002707DF /* PongCopyoffMattHeaneyTests */ = {
			isa = PBXNativeTarget;
			buildConfigurationList = D38737A91AC9D6B3002707DF /* Build configuration list for PBXNativeTarget "PongCopyoffMattHeaneyTests" */;
			buildPhases = (
				D38737981AC9D6B3002707DF /* Sources */,
				D38737991AC9D6B3002707DF /* Frameworks */,
				D387379A1AC9D6B3002707DF /* Resources */,
			);
			buildRules = (
			);
			dependencies = (
				D387379E1AC9D6B3002707DF /* PBXTargetDependency */,
			);
			name = PongCopyoffMattHeaneyTests;
			productName = PongCopyoffMattHeaneyTests;
			productReference = D387379C1AC9D6B3002707DF /* PongCopyoffMattHeaneyTests.xctest */;
			productType = "com.apple.product-type.bundle.unit-test";
		};
/* End PBXNativeTarget section */

/* Begin PBXProject section */
		D387377B1AC9D6B3002707DF /* Project object */ = {
			isa = PBXProject;
			attributes = {
				LastUpgradeCheck = 0620;
				ORGANIZATIONNAME = "Peter Scheyer";
				TargetAttributes = {
					D38737821AC9D6B3002707DF = {
						CreatedOnToolsVersion = 6.2;
					};
					D387379B1AC9D6B3002707DF = {
						CreatedOnToolsVersion = 6.2;
						TestTargetID = D38737821AC9D6B3002707DF;
					};
				};
			};
			buildConfigurationList = D387377E1AC9D6B3002707DF /* Build configuration list for PBXProject "PongCopyoffMattHeaney" */;
			compatibilityVersion = "Xcode 3.2";
			developmentRegion = English;
			hasScannedForEncodings = 0;
			knownRegions = (
				en,
				Base,
			);
			mainGroup = D387377A1AC9D6B3002707DF;
			productRefGroup = D38737841AC9D6B3002707DF /* Products */;
			projectDirPath = "";
			projectRoot = "";
			targets = (
				D38737821AC9D6B3002707DF /* PongCopyoffMattHeaney */,
				D387379B1AC9D6B3002707DF /* PongCopyoffMattHeaneyTests */,
			);
		};
/* End PBXProject section */

/* Begin PBXResourcesBuildPhase section */
		D38737811AC9D6B3002707DF /* Resources */ = {
			isa = PBXResourcesBuildPhase;
			buildActionMask = 2147483647;
			files = (
				D38737921AC9D6B3002707DF /* Main.storyboard in Resources */,
				D38737971AC9D6B3002707DF /* LaunchScreen.xib in Resources */,
				D38737941AC9D6B3002707DF /* Images.xcassets in Resources */,
			);
			runOnlyForDeploymentPostprocessing = 0;
		};
		D387379A1AC9D6B3002707DF /* Resources */ = {
			isa = PBXResourcesBuildPhase;
			buildActionMask = 2147483647;
			files = (
			);
			runOnlyForDeploymentPostprocessing = 0;
		};
/* End PBXResourcesBuildPhase section */

/* Begin PBXSourcesBuildPhase section */
		D387377F1AC9D6B3002707DF /* Sources */ = {
			isa = PBXSourcesBuildPhase;
			buildActionMask = 2147483647;
			files = (
				D387378F1AC9D6B3002707DF /* ViewController.m in Sources */,
				D387378C1AC9D6B3002707DF /* AppDelegate.m in Sources */,
				D38737891AC9D6B3002707DF /* main.m in Sources */,
			);
			runOnlyForDeploymentPostprocessing = 0;
		};
		D38737981AC9D6B3002707DF /* Sources */ = {
			isa = PBXSourcesBuildPhase;
			buildActionMask = 2147483647;
			files = (
				D38737A31AC9D6B3002707DF /* PongCopyoffMattHeaneyTests.m in Sources */,
			);
			runOnlyForDeploymentPostprocessing = 0;
		};
/* End PBXSourcesBuildPhase section */

/* Begin PBXTargetDependency section */
		D387379E1AC9D6B3002707DF /* PBXTargetDependency */ = {
			isa = PBXTargetDependency;
			target = D38737821AC9D6B3002707DF /* PongCopyoffMattHeaney */;
			targetProxy = D387379D1AC9D6B3002707DF /* PBXContainerItemProxy */;
		};
/* End PBXTargetDependency section */

/* Begin PBXVariantGroup section */
		D38737901AC9D6B3002707DF /* Main.storyboard */ = {
			isa = PBXVariantGroup;
			children = (
				D38737911AC9D6B3002707DF /* Base */,
			);
			name = Main.storyboard;
			sourceTree = "<group>";
		};
		D38737951AC9D6B3002707DF /* LaunchScreen.xib */ = {
			isa = PBXVariantGroup;
			children = (
				D38737961AC9D6B3002707DF /* Base */,
			);
			name = LaunchScreen.xib;
			sourceTree = "<group>";
		};
/* End PBXVariantGroup section */

/* Begin XCBuildConfiguration section */
		D38737A41AC9D6B3002707DF /* Debug */ = {
			isa = XCBuildConfiguration;
			buildSettings = {
				ALWAYS_SEARCH_USER_PATHS = NO;
				CLANG_CXX_LANGUAGE_STANDARD = "gnu++0x";
				CLANG_CXX_LIBRARY = "libc++";
				CLANG_ENABLE_MODULES = YES;
				CLANG_ENABLE_OBJC_ARC = YES;
				CLANG_WARN_BOOL_CONVERSION = YES;
				CLANG_WARN_CONSTANT_CONVERSION = YES;
				CLANG_WARN_DIRECT_OBJC_ISA_USAGE = YES_ERROR;
				CLANG_WARN_EMPTY_BODY = YES;
				CLANG_WARN_ENUM_CONVERSION = YES;
				CLANG_WARN_INT_CONVERSION = YES;
				CLANG_WARN_OBJC_ROOT_CLASS = YES_ERROR;
				CLANG_WARN_UNREACHABLE_CODE = YES;
				CLANG_WARN__DUPLICATE_METHOD_MATCH = YES;
				"CODE_SIGN_IDENTITY[sdk=iphoneos*]" = "iPhone Developer";
				COPY_PHASE_STRIP = NO;
				ENABLE_STRICT_OBJC_MSGSEND = YES;
				GCC_C_LANGUAGE_STANDARD = gnu99;
				GCC_DYNAMIC_NO_PIC = NO;
				GCC_OPTIMIZATION_LEVEL = 0;
				GCC_PREPROCESSOR_DEFINITIONS = (
					"DEBUG=1",
					"$(inherited)",
				);
				GCC_SYMBOLS_PRIVATE_EXTERN = NO;
				GCC_WARN_64_TO_32_BIT_CONVERSION = YES;
				GCC_WARN_ABOUT_RETURN_TYPE = YES_ERROR;
				GCC_WARN_UNDECLARED_SELECTOR = YES;
				GCC_WARN_UNINITIALIZED_AUTOS = YES_AGGRESSIVE;
				GCC_WARN_UNUSED_FUNCTION = YES;
				GCC_WARN_UNUSED_VARIABLE = YES;
				IPHONEOS_DEPLOYMENT_TARGET = 8.2;
				MTL_ENABLE_DEBUG_INFO = YES;
				ONLY_ACTIVE_ARCH = YES;
				SDKROOT = iphoneos;
				TARGETED_DEVICE_FAMILY = "1,2";
			};
			name = Debug;
		};
		D38737A51AC9D6B3002707DF /* Release */ = {
			isa = XCBuildConfiguration;
			buildSettings = {
				ALWAYS_SEARCH_USER_PATHS = NO;
				CLANG_CXX_LANGUAGE_STANDARD = "gnu++0x";
				CLANG_CXX_LIBRARY = "libc++";
				CLANG_ENABLE_MODULES = YES;
				CLANG_ENABLE_OBJC_ARC = YES;
				CLANG_WARN_BOOL_CONVERSION = YES;
				CLANG_WARN_CONSTANT_CONVERSION = YES;
				CLANG_WARN_DIRECT_OBJC_ISA_USAGE = YES_ERROR;
				CLANG_WARN_EMPTY_BODY = YES;
				CLANG_WARN_ENUM_CONVERSION = YES;
				CLANG_WARN_INT_CONVERSION = YES;
				CLANG_WARN_OBJC_ROOT_CLASS = YES_ERROR;
				CLANG_WARN_UNREACHABLE_CODE = YES;
				CLANG_WARN__DUPLICATE_METHOD_MATCH = YES;
				"CODE_SIGN_IDENTITY[sdk=iphoneos*]" = "iPhone Developer";
				COPY_PHASE_STRIP = NO;
				ENABLE_NS_ASSERTIONS = NO;
				ENABLE_STRICT_OBJC_MSGSEND = YES;
				GCC_C_LANGUAGE_STANDARD = gnu99;
				GCC_WARN_64_TO_32_BIT_CONVERSION = YES;
				GCC_WARN_ABOUT_RETURN_TYPE = YES_ERROR;
				GCC_WARN_UNDECLARED_SELECTOR = YES;
				GCC_WARN_UNINITIALIZED_AUTOS = YES_AGGRESSIVE;
				GCC_WARN_UNUSED_FUNCTION = YES;
				GCC_WARN_UNUSED_VARIABLE = YES;
				IPHONEOS_DEPLOYMENT_TARGET = 8.2;
				MTL_ENABLE_DEBUG_INFO = NO;
				SDKROOT = iphoneos;
				TARGETED_DEVICE_FAMILY = "1,2";
				VALIDATE_PRODUCT = YES;
			};
			name = Release;
		};
		D38737A71AC9D6B3002707DF /* Debug */ = {
			isa = XCBuildConfiguration;
			buildSettings = {
				ASSETCATALOG_COMPILER_APPICON_NAME = AppIcon;
				INFOPLIST_FILE = PongCopyoffMattHeaney/Info.plist;
				LD_RUNPATH_SEARCH_PATHS = "$(inherited) @executable_path/Frameworks";
				PRODUCT_NAME = "$(TARGET_NAME)";
			};
			name = Debug;
		};
		D38737A81AC9D6B3002707DF /* Release */ = {
			isa = XCBuildConfiguration;
			buildSettings = {
				ASSETCATALOG_COMPILER_APPICON_NAME = AppIcon;
				INFOPLIST_FILE = PongCopyoffMattHeaney/Info.plist;
				LD_RUNPATH_SEARCH_PATHS = "$(inherited) @executable_path/Frameworks";
				PRODUCT_NAME = "$(TARGET_NAME)";
			};
			name = Release;
		};
		D38737AA1AC9D6B3002707DF /* Debug */ = {
			isa = XCBuildConfiguration;
			buildSettings = {
				BUNDLE_LOADER = "$(TEST_HOST)";
				FRAMEWORK_SEARCH_PATHS = (
					"$(SDKROOT)/Developer/Library/Frameworks",
					"$(inherited)",
				);
				GCC_PREPROCESSOR_DEFINITIONS = (
					"DEBUG=1",
					"$(inherited)",
				);
				INFOPLIST_FILE = PongCopyoffMattHeaneyTests/Info.plist;
				LD_RUNPATH_SEARCH_PATHS = "$(inherited) @executable_path/Frameworks @loader_path/Frameworks";
				PRODUCT_NAME = "$(TARGET_NAME)";
				TEST_HOST = "$(BUILT_PRODUCTS_DIR)/PongCopyoffMattHeaney.app/PongCopyoffMattHeaney";
			};
			name = Debug;
		};
		D38737AB1AC9D6B3002707DF /* Release */ = {
			isa = XCBuildConfiguration;
			buildSettings = {
				BUNDLE_LOADER = "$(TEST_HOST)";
				FRAMEWORK_SEARCH_PATHS = (
					"$(SDKROOT)/Developer/Library/Frameworks",
					"$(inherited)",
				);
				INFOPLIST_FILE = PongCopyoffMattHeaneyTests/Info.plist;
				LD_RUNPATH_SEARCH_PATHS = "$(inherited) @executable_path/Frameworks @loader_path/Frameworks";
				PRODUCT_NAME = "$(TARGET_NAME)";
				TEST_HOST = "$(BUILT_PRODUCTS_DIR)/PongCopyoffMattHeaney.app/PongCopyoffMattHeaney";
			};
			name = Release;
		};
/* End XCBuildConfiguration section */

/* Begin XCConfigurationList section */
		D387377E1AC9D6B3002707DF /* Build configuration list for PBXProject "PongCopyoffMattHeaney" */ = {
			isa = XCConfigurationList;
			buildConfigurations = (
				D38737A41AC9D6B3002707DF /* Debug */,
				D38737A51AC9D6B3002707DF /* Release */,
			);
			defaultConfigurationIsVisible = 0;
			defaultConfigurationName = Release;
		};
		D38737A61AC9D6B3002707DF /* Build configuration list for PBXNativeTarget "PongCopyoffMattHeaney" */ = {
			isa = XCConfigurationList;
			buildConfigurations = (
				D38737A71AC9D6B3002707DF /* Debug */,
				D38737A81AC9D6B3002707DF /* Release */,
			);
			defaultConfigurationIsVisible = 0;
		};
		D38737A91AC9D6B3002707DF /* Build configuration list for PBXNativeTarget "PongCopyoffMattHeaneyTests" */ = {
			isa = XCConfigurationList;
			buildConfigurations = (
				D38737AA1AC9D6B3002707DF /* Debug */,
				D38737AB1AC9D6B3002707DF /* Release */,
			);
			defaultConfigurationIsVisible = 0;
		};
/* End XCConfigurationList section */
	};
	rootObject = D387377B1AC9D6B3002707DF /* Project object */;
}
